
Microsoft Visual Studio Solution File, Format Version 9.00
# Visual Studio 2005
Project("{8BC9CEB8-8B4A-11D0-8D11-00A0C91BC942}") = "GUIServer", "GUIServer.vcproj", "{21D0FD3A-8E4E-4FAD-AC1A-A8B159AC3EDC}"
EndProject
Global
	GlobalSection(SolutionConfigurationPlatforms) = preSolution
		Debug|Win32 = Debug|Win32
		Release|Win32 = Release|Win32
	EndGlobalSection
	GlobalSection(ProjectConfigurationPlatforms) = postSolution
		{21D0FD3A-8E4E-4FAD-AC1A-A8B159AC3EDC}.Debug|Win32.ActiveCfg = Debug|Win32
		{21D0FD3A-8E4E-4FAD-AC1A-A8B159AC3EDC}.Debug|Win32.Build.0 = Debug|Win32
		{21D0FD3A-8E4E-4FAD-AC1A-A8B159AC3EDC}.Release|Win32.ActiveCfg = Release|Win32
		{21D0FD3A-8E4E-4FAD-AC1A-A8B159AC3EDC}.Release|Win32.Build.0 = Release|Win32
	EndGlobalSection
	GlobalSection(SolutionProperties) = preSolution
		HideSolutionNode = FALSE
	EndGlobalSection
EndGlobal
