
Microsoft Visual Studio Solution File, Format Version 10.00
# Visual Studio 2008
Project("{2150E333-8FDC-42A3-9474-1A3956D46DE8}") = "Debugger Tools", "Debugger Tools", "{73856D08-B7B7-494B-85A6-06662EB4727B}"
EndProject
Project("{8BC9CEB8-8B4A-11D0-8D11-00A0C91BC942}") = "OblivionOnline", "OblivionOnline.vcproj", "{D4DDA734-7E93-4581-8F82-32BB738F69FE}"
	ProjectSection(ProjectDependencies) = postProject
		{35203609-97B6-6140-9B7B-FED90F482AEF} = {35203609-97B6-6140-9B7B-FED90F482AEF}
		{891D490F-4556-A74D-B0AB-38C961707642} = {891D490F-4556-A74D-B0AB-38C961707642}
		{8523D01E-9CB9-0642-9D4B-D51A269E8104} = {8523D01E-9CB9-0642-9D4B-D51A269E8104}
		{0FE12249-B875-4F60-B266-C5E403533802} = {0FE12249-B875-4F60-B266-C5E403533802}
		{FA76F2BF-9948-CC48-AB37-0D9F56E89231} = {FA76F2BF-9948-CC48-AB37-0D9F56E89231}
		{A7802AE4-E88D-4A41-BA01-885A877686CC} = {A7802AE4-E88D-4A41-BA01-885A877686CC}
		{C2E936E7-0714-D34D-89B4-B684C9219A56} = {C2E936E7-0714-D34D-89B4-B684C9219A56}
		{56D179EA-8948-FA4E-A0A3-1267DAB79E7C} = {56D179EA-8948-FA4E-A0A3-1267DAB79E7C}
		{D3C550FB-2B8D-9045-B5D4-412A08DB819D} = {D3C550FB-2B8D-9045-B5D4-412A08DB819D}
	EndProjectSection
EndProject
Project("{8BC9CEB8-8B4A-11D0-8D11-00A0C91BC942}") = "common", "..\common\common.vcproj", "{20C6411C-596F-4B85-BE4E-8BC91F59D8A6}"
EndProject
Project("{8BC9CEB8-8B4A-11D0-8D11-00A0C91BC942}") = "ServerBrowser", "..\ServerBrowser\ServerBrowser.vcproj", "{21D0FD3A-8E4E-4FAD-AC1A-A8B159AC3EDC}"
EndProject
Project("{54435603-DBB4-11D2-8724-00A0C9A8B90C}") = "Setup", "..\Setup\Setup.vdproj", "{5F7C8062-9DC2-4367-997F-A914B5EA4073}"
EndProject
Project("{8BC9CEB8-8B4A-11D0-8D11-00A0C91BC942}") = "curllib", "..\GUI_Server\libcurl\curl-7.18.0\lib\curllib.vcproj", "{87EE9DA4-DE1E-4448-8324-183C98DCA588}"
EndProject
Project("{8BC9CEB8-8B4A-11D0-8D11-00A0C91BC942}") = "OblivionOnlineServer", "..\OblivionOnlineServer\OblivionOnlineServer.vcproj", "{9CEB2A39-13F4-499A-995C-2077F44177DF}"
EndProject
Project("{8BC9CEB8-8B4A-11D0-8D11-00A0C91BC942}") = "NetDebug", "..\NetDebug\NetDebug.vcproj", "{FDEF50CB-0F36-4498-8D26-CAFE350A38A3}"
EndProject
Project("{2150E333-8FDC-42A3-9474-1A3956D46DE8}") = "Dependencies", "Dependencies", "{4DD4B08F-37B0-4A3D-B800-7DF007556D7E}"
EndProject
Project("{8BC9CEB8-8B4A-11D0-8D11-00A0C91BC942}") = "CEGUIBase", "..\CEGUI\makefiles\premake\BaseSystem\CEGUIBase.vcproj", "{FA76F2BF-9948-CC48-AB37-0D9F56E89231}"
	ProjectSection(ProjectDependencies) = postProject
		{0FE12249-B875-4F60-B266-C5E403533802} = {0FE12249-B875-4F60-B266-C5E403533802}
		{78B079BD-9FC7-4B9E-B4A6-96DA0F00248B} = {78B079BD-9FC7-4B9E-B4A6-96DA0F00248B}
		{A7802AE4-E88D-4A41-BA01-885A877686CC} = {A7802AE4-E88D-4A41-BA01-885A877686CC}
	EndProjectSection
EndProject
Project("{8BC9CEB8-8B4A-11D0-8D11-00A0C91BC942}") = "CEGUITGAImageCodec", "..\CEGUI\makefiles\premake\ImageCodecModules\TGAImageCodec\CEGUITGAImageCodec.vcproj", "{C2E936E7-0714-D34D-89B4-B684C9219A56}"
EndProject
Project("{2150E333-8FDC-42A3-9474-1A3956D46DE8}") = "CEGUI", "CEGUI", "{87CD788A-CA2C-41FC-A480-593DF03A8631}"
EndProject
Project("{8BC9CEB8-8B4A-11D0-8D11-00A0C91BC942}") = "CEGUISILLYImageCodec", "..\CEGUI\makefiles\premake\ImageCodecModules\SILLYImageCodec\CEGUISILLYImageCodec.vcproj", "{D3C550FB-2B8D-9045-B5D4-412A08DB819D}"
EndProject
Project("{8BC9CEB8-8B4A-11D0-8D11-00A0C91BC942}") = "DirectX9GUIRenderer", "..\CEGUI\makefiles\premake\RendererModules\DirectX9GUIRenderer\DirectX9GUIRenderer.vcproj", "{B48EF6AD-761B-3540-97E0-161F4E3F8812}"
EndProject
Project("{8BC9CEB8-8B4A-11D0-8D11-00A0C91BC942}") = "CEGUILua", "..\CEGUI\makefiles\premake\ScriptingModules\CEGUILua\LuaScriptModule\CEGUILua.vcproj", "{891D490F-4556-A74D-B0AB-38C961707642}"
	ProjectSection(ProjectDependencies) = postProject
		{E1862E86-4FCA-AC4C-8274-8D32B24909F5} = {E1862E86-4FCA-AC4C-8274-8D32B24909F5}
		{FA76F2BF-9948-CC48-AB37-0D9F56E89231} = {FA76F2BF-9948-CC48-AB37-0D9F56E89231}
	EndProjectSection
EndProject
Project("{8BC9CEB8-8B4A-11D0-8D11-00A0C91BC942}") = "tolua++", "..\CEGUI\makefiles\premake\ScriptingModules\CEGUILua\tolua++\tolua++.vcproj", "{E1862E86-4FCA-AC4C-8274-8D32B24909F5}"
EndProject
Project("{8BC9CEB8-8B4A-11D0-8D11-00A0C91BC942}") = "CEGUIFalagardWRBase", "..\CEGUI\makefiles\premake\WindowRendererSets\Falagard\CEGUIFalagardWRBase.vcproj", "{35203609-97B6-6140-9B7B-FED90F482AEF}"
	ProjectSection(ProjectDependencies) = postProject
		{FA76F2BF-9948-CC48-AB37-0D9F56E89231} = {FA76F2BF-9948-CC48-AB37-0D9F56E89231}
	EndProjectSection
EndProject
Project("{8BC9CEB8-8B4A-11D0-8D11-00A0C91BC942}") = "OpenGLGUIRenderer", "..\CEGUI\makefiles\premake\RendererModules\OpenGLGUIRenderer\OpenGLGUIRenderer.vcproj", "{312167CB-419E-DC46-9BA1-F7F00024D5D8}"
EndProject
Project("{8BC9CEB8-8B4A-11D0-8D11-00A0C91BC942}") = "CEGUITinyXMLParser", "..\CEGUI\makefiles\premake\XMLParserModules\TinyXMLParser\CEGUITinyXMLParser.vcproj", "{56D179EA-8948-FA4E-A0A3-1267DAB79E7C}"
EndProject
Project("{8BC9CEB8-8B4A-11D0-8D11-00A0C91BC942}") = "CEGUIExpatParser", "..\CEGUI\makefiles\premake\XMLParserModules\expatParser\CEGUIExpatParser.vcproj", "{8523D01E-9CB9-0642-9D4B-D51A269E8104}"
	ProjectSection(ProjectDependencies) = postProject
		{FA76F2BF-9948-CC48-AB37-0D9F56E89231} = {FA76F2BF-9948-CC48-AB37-0D9F56E89231}
	EndProjectSection
EndProject
Project("{8BC9CEB8-8B4A-11D0-8D11-00A0C91BC942}") = "freetype", "..\CEGUI\freetype\freetype-2.3.5\builds\win32\visualc\freetype.vcproj", "{78B079BD-9FC7-4B9E-B4A6-96DA0F00248B}"
EndProject
Project("{8BC9CEB8-8B4A-11D0-8D11-00A0C91BC942}") = "pcre7", "..\CEGUI\freetype\pcre7\pcre-7.0-src\pcre7.vcproj", "{0FE12249-B875-4F60-B266-C5E403533802}"
EndProject
Project("{8BC9CEB8-8B4A-11D0-8D11-00A0C91BC942}") = "zlibstat", "..\CEGUI\freetype\zlib-1.2.3\contrib\vstudio\vc7\zlibstat.vcproj", "{A7802AE4-E88D-4A41-BA01-885A877686CC}"
EndProject
Project("{8BC9CEB8-8B4A-11D0-8D11-00A0C91BC942}") = "Lua", "..\Lua\Lua.vcproj", "{8CEC5F60-CA13-43B5-9F6F-7A548EFA09C4}"
EndProject
Global
	GlobalSection(SolutionConfigurationPlatforms) = preSolution
		Debug Multithreaded|Win32 = Debug Multithreaded|Win32
		Debug Singlethreaded|Win32 = Debug Singlethreaded|Win32
		Debug_Static|Win32 = Debug_Static|Win32
		Debug|Win32 = Debug|Win32
		Release Multithreaded|Win32 = Release Multithreaded|Win32
		Release Singlethreaded|Win32 = Release Singlethreaded|Win32
		Release_debug|Win32 = Release_debug|Win32
		Release_Static|Win32 = Release_Static|Win32
		Release|Win32 = Release|Win32
		ReleaseAxp|Win32 = ReleaseAxp|Win32
		ReleaseWithSymbols|Win32 = ReleaseWithSymbols|Win32
	EndGlobalSection
	GlobalSection(ProjectConfigurationPlatforms) = postSolution
		{D4DDA734-7E93-4581-8F82-32BB738F69FE}.Debug Multithreaded|Win32.ActiveCfg = Debug|Win32
		{D4DDA734-7E93-4581-8F82-32BB738F69FE}.Debug Multithreaded|Win32.Build.0 = Debug|Win32
		{D4DDA734-7E93-4581-8F82-32BB738F69FE}.Debug Singlethreaded|Win32.ActiveCfg = Debug|Win32
		{D4DDA734-7E93-4581-8F82-32BB738F69FE}.Debug Singlethreaded|Win32.Build.0 = Debug|Win32
		{D4DDA734-7E93-4581-8F82-32BB738F69FE}.Debug_Static|Win32.ActiveCfg = Debug|Win32
		{D4DDA734-7E93-4581-8F82-32BB738F69FE}.Debug_Static|Win32.Build.0 = Debug|Win32
		{D4DDA734-7E93-4581-8F82-32BB738F69FE}.Debug|Win32.ActiveCfg = Release_debug|Win32
		{D4DDA734-7E93-4581-8F82-32BB738F69FE}.Debug|Win32.Build.0 = Release_debug|Win32
		{D4DDA734-7E93-4581-8F82-32BB738F69FE}.Release Multithreaded|Win32.ActiveCfg = Release_debug|Win32
		{D4DDA734-7E93-4581-8F82-32BB738F69FE}.Release Multithreaded|Win32.Build.0 = Release_debug|Win32
		{D4DDA734-7E93-4581-8F82-32BB738F69FE}.Release Singlethreaded|Win32.ActiveCfg = Release_debug|Win32
		{D4DDA734-7E93-4581-8F82-32BB738F69FE}.Release Singlethreaded|Win32.Build.0 = Release_debug|Win32
		{D4DDA734-7E93-4581-8F82-32BB738F69FE}.Release_debug|Win32.ActiveCfg = Release_debug|Win32
		{D4DDA734-7E93-4581-8F82-32BB738F69FE}.Release_debug|Win32.Build.0 = Release_debug|Win32
		{D4DDA734-7E93-4581-8F82-32BB738F69FE}.Release_Static|Win32.ActiveCfg = Release_debug|Win32
		{D4DDA734-7E93-4581-8F82-32BB738F69FE}.Release_Static|Win32.Build.0 = Release_debug|Win32
		{D4DDA734-7E93-4581-8F82-32BB738F69FE}.Release|Win32.ActiveCfg = Release|Win32
		{D4DDA734-7E93-4581-8F82-32BB738F69FE}.Release|Win32.Build.0 = Release|Win32
		{D4DDA734-7E93-4581-8F82-32BB738F69FE}.ReleaseAxp|Win32.ActiveCfg = Release_debug|Win32
		{D4DDA734-7E93-4581-8F82-32BB738F69FE}.ReleaseAxp|Win32.Build.0 = Release_debug|Win32
		{D4DDA734-7E93-4581-8F82-32BB738F69FE}.ReleaseWithSymbols|Win32.ActiveCfg = Release_debug|Win32
		{D4DDA734-7E93-4581-8F82-32BB738F69FE}.ReleaseWithSymbols|Win32.Build.0 = Release_debug|Win32
		{20C6411C-596F-4B85-BE4E-8BC91F59D8A6}.Debug Multithreaded|Win32.ActiveCfg = Debug|Win32
		{20C6411C-596F-4B85-BE4E-8BC91F59D8A6}.Debug Multithreaded|Win32.Build.0 = Debug|Win32
		{20C6411C-596F-4B85-BE4E-8BC91F59D8A6}.Debug Singlethreaded|Win32.ActiveCfg = Debug|Win32
		{20C6411C-596F-4B85-BE4E-8BC91F59D8A6}.Debug Singlethreaded|Win32.Build.0 = Debug|Win32
		{20C6411C-596F-4B85-BE4E-8BC91F59D8A6}.Debug_Static|Win32.ActiveCfg = Debug|Win32
		{20C6411C-596F-4B85-BE4E-8BC91F59D8A6}.Debug_Static|Win32.Build.0 = Debug|Win32
		{20C6411C-596F-4B85-BE4E-8BC91F59D8A6}.Debug|Win32.ActiveCfg = Debug|Win32
		{20C6411C-596F-4B85-BE4E-8BC91F59D8A6}.Debug|Win32.Build.0 = Debug|Win32
		{20C6411C-596F-4B85-BE4E-8BC91F59D8A6}.Release Multithreaded|Win32.ActiveCfg = Release|Win32
		{20C6411C-596F-4B85-BE4E-8BC91F59D8A6}.Release Multithreaded|Win32.Build.0 = Release|Win32
		{20C6411C-596F-4B85-BE4E-8BC91F59D8A6}.Release Singlethreaded|Win32.ActiveCfg = Release|Win32
		{20C6411C-596F-4B85-BE4E-8BC91F59D8A6}.Release Singlethreaded|Win32.Build.0 = Release|Win32
		{20C6411C-596F-4B85-BE4E-8BC91F59D8A6}.Release_debug|Win32.ActiveCfg = Release|Win32
		{20C6411C-596F-4B85-BE4E-8BC91F59D8A6}.Release_debug|Win32.Build.0 = Release|Win32
		{20C6411C-596F-4B85-BE4E-8BC91F59D8A6}.Release_Static|Win32.ActiveCfg = Release|Win32
		{20C6411C-596F-4B85-BE4E-8BC91F59D8A6}.Release_Static|Win32.Build.0 = Release|Win32
		{20C6411C-596F-4B85-BE4E-8BC91F59D8A6}.Release|Win32.ActiveCfg = Release|Win32
		{20C6411C-596F-4B85-BE4E-8BC91F59D8A6}.Release|Win32.Build.0 = Release|Win32
		{20C6411C-596F-4B85-BE4E-8BC91F59D8A6}.ReleaseAxp|Win32.ActiveCfg = Release|Win32
		{20C6411C-596F-4B85-BE4E-8BC91F59D8A6}.ReleaseAxp|Win32.Build.0 = Release|Win32
		{20C6411C-596F-4B85-BE4E-8BC91F59D8A6}.ReleaseWithSymbols|Win32.ActiveCfg = Release|Win32
		{20C6411C-596F-4B85-BE4E-8BC91F59D8A6}.ReleaseWithSymbols|Win32.Build.0 = Release|Win32
		{21D0FD3A-8E4E-4FAD-AC1A-A8B159AC3EDC}.Debug Multithreaded|Win32.ActiveCfg = Debug|Win32
		{21D0FD3A-8E4E-4FAD-AC1A-A8B159AC3EDC}.Debug Multithreaded|Win32.Build.0 = Debug|Win32
		{21D0FD3A-8E4E-4FAD-AC1A-A8B159AC3EDC}.Debug Singlethreaded|Win32.ActiveCfg = Debug|Win32
		{21D0FD3A-8E4E-4FAD-AC1A-A8B159AC3EDC}.Debug Singlethreaded|Win32.Build.0 = Debug|Win32
		{21D0FD3A-8E4E-4FAD-AC1A-A8B159AC3EDC}.Debug_Static|Win32.ActiveCfg = Debug|Win32
		{21D0FD3A-8E4E-4FAD-AC1A-A8B159AC3EDC}.Debug_Static|Win32.Build.0 = Debug|Win32
		{21D0FD3A-8E4E-4FAD-AC1A-A8B159AC3EDC}.Debug|Win32.ActiveCfg = Debug|Win32
		{21D0FD3A-8E4E-4FAD-AC1A-A8B159AC3EDC}.Debug|Win32.Build.0 = Debug|Win32
		{21D0FD3A-8E4E-4FAD-AC1A-A8B159AC3EDC}.Release Multithreaded|Win32.ActiveCfg = Release|Win32
		{21D0FD3A-8E4E-4FAD-AC1A-A8B159AC3EDC}.Release Multithreaded|Win32.Build.0 = Release|Win32
		{21D0FD3A-8E4E-4FAD-AC1A-A8B159AC3EDC}.Release Singlethreaded|Win32.ActiveCfg = Release|Win32
		{21D0FD3A-8E4E-4FAD-AC1A-A8B159AC3EDC}.Release Singlethreaded|Win32.Build.0 = Release|Win32
		{21D0FD3A-8E4E-4FAD-AC1A-A8B159AC3EDC}.Release_debug|Win32.ActiveCfg = Release|Win32
		{21D0FD3A-8E4E-4FAD-AC1A-A8B159AC3EDC}.Release_debug|Win32.Build.0 = Release|Win32
		{21D0FD3A-8E4E-4FAD-AC1A-A8B159AC3EDC}.Release_Static|Win32.ActiveCfg = Release|Win32
		{21D0FD3A-8E4E-4FAD-AC1A-A8B159AC3EDC}.Release_Static|Win32.Build.0 = Release|Win32
		{21D0FD3A-8E4E-4FAD-AC1A-A8B159AC3EDC}.Release|Win32.ActiveCfg = Release|Win32
		{21D0FD3A-8E4E-4FAD-AC1A-A8B159AC3EDC}.Release|Win32.Build.0 = Release|Win32
		{21D0FD3A-8E4E-4FAD-AC1A-A8B159AC3EDC}.ReleaseAxp|Win32.ActiveCfg = Release|Win32
		{21D0FD3A-8E4E-4FAD-AC1A-A8B159AC3EDC}.ReleaseAxp|Win32.Build.0 = Release|Win32
		{21D0FD3A-8E4E-4FAD-AC1A-A8B159AC3EDC}.ReleaseWithSymbols|Win32.ActiveCfg = Release|Win32
		{21D0FD3A-8E4E-4FAD-AC1A-A8B159AC3EDC}.ReleaseWithSymbols|Win32.Build.0 = Release|Win32
		{5F7C8062-9DC2-4367-997F-A914B5EA4073}.Debug Multithreaded|Win32.ActiveCfg = Debug
		{5F7C8062-9DC2-4367-997F-A914B5EA4073}.Debug Multithreaded|Win32.Build.0 = Debug
		{5F7C8062-9DC2-4367-997F-A914B5EA4073}.Debug Singlethreaded|Win32.ActiveCfg = Debug
		{5F7C8062-9DC2-4367-997F-A914B5EA4073}.Debug Singlethreaded|Win32.Build.0 = Debug
		{5F7C8062-9DC2-4367-997F-A914B5EA4073}.Debug_Static|Win32.ActiveCfg = Debug
		{5F7C8062-9DC2-4367-997F-A914B5EA4073}.Debug_Static|Win32.Build.0 = Debug
		{5F7C8062-9DC2-4367-997F-A914B5EA4073}.Debug|Win32.ActiveCfg = Debug
		{5F7C8062-9DC2-4367-997F-A914B5EA4073}.Release Multithreaded|Win32.ActiveCfg = Release
		{5F7C8062-9DC2-4367-997F-A914B5EA4073}.Release Multithreaded|Win32.Build.0 = Release
		{5F7C8062-9DC2-4367-997F-A914B5EA4073}.Release Singlethreaded|Win32.ActiveCfg = Release
		{5F7C8062-9DC2-4367-997F-A914B5EA4073}.Release Singlethreaded|Win32.Build.0 = Release
		{5F7C8062-9DC2-4367-997F-A914B5EA4073}.Release_debug|Win32.ActiveCfg = Release
		{5F7C8062-9DC2-4367-997F-A914B5EA4073}.Release_Static|Win32.ActiveCfg = Release
		{5F7C8062-9DC2-4367-997F-A914B5EA4073}.Release_Static|Win32.Build.0 = Release
		{5F7C8062-9DC2-4367-997F-A914B5EA4073}.Release|Win32.ActiveCfg = Release
		{5F7C8062-9DC2-4367-997F-A914B5EA4073}.ReleaseAxp|Win32.ActiveCfg = Release
		{5F7C8062-9DC2-4367-997F-A914B5EA4073}.ReleaseAxp|Win32.Build.0 = Release
		{5F7C8062-9DC2-4367-997F-A914B5EA4073}.ReleaseWithSymbols|Win32.ActiveCfg = Release
		{5F7C8062-9DC2-4367-997F-A914B5EA4073}.ReleaseWithSymbols|Win32.Build.0 = Release
		{87EE9DA4-DE1E-4448-8324-183C98DCA588}.Debug Multithreaded|Win32.ActiveCfg = Debug|Win32
		{87EE9DA4-DE1E-4448-8324-183C98DCA588}.Debug Multithreaded|Win32.Build.0 = Debug|Win32
		{87EE9DA4-DE1E-4448-8324-183C98DCA588}.Debug Singlethreaded|Win32.ActiveCfg = Debug|Win32
		{87EE9DA4-DE1E-4448-8324-183C98DCA588}.Debug Singlethreaded|Win32.Build.0 = Debug|Win32
		{87EE9DA4-DE1E-4448-8324-183C98DCA588}.Debug_Static|Win32.ActiveCfg = Debug|Win32
		{87EE9DA4-DE1E-4448-8324-183C98DCA588}.Debug_Static|Win32.Build.0 = Debug|Win32
		{87EE9DA4-DE1E-4448-8324-183C98DCA588}.Debug|Win32.ActiveCfg = Debug|Win32
		{87EE9DA4-DE1E-4448-8324-183C98DCA588}.Debug|Win32.Build.0 = Debug|Win32
		{87EE9DA4-DE1E-4448-8324-183C98DCA588}.Release Multithreaded|Win32.ActiveCfg = Release|Win32
		{87EE9DA4-DE1E-4448-8324-183C98DCA588}.Release Multithreaded|Win32.Build.0 = Release|Win32
		{87EE9DA4-DE1E-4448-8324-183C98DCA588}.Release Singlethreaded|Win32.ActiveCfg = Release|Win32
		{87EE9DA4-DE1E-4448-8324-183C98DCA588}.Release Singlethreaded|Win32.Build.0 = Release|Win32
		{87EE9DA4-DE1E-4448-8324-183C98DCA588}.Release_debug|Win32.ActiveCfg = Debug|Win32
		{87EE9DA4-DE1E-4448-8324-183C98DCA588}.Release_debug|Win32.Build.0 = Debug|Win32
		{87EE9DA4-DE1E-4448-8324-183C98DCA588}.Release_Static|Win32.ActiveCfg = Release|Win32
		{87EE9DA4-DE1E-4448-8324-183C98DCA588}.Release_Static|Win32.Build.0 = Release|Win32
		{87EE9DA4-DE1E-4448-8324-183C98DCA588}.Release|Win32.ActiveCfg = Release|Win32
		{87EE9DA4-DE1E-4448-8324-183C98DCA588}.Release|Win32.Build.0 = Release|Win32
		{87EE9DA4-DE1E-4448-8324-183C98DCA588}.ReleaseAxp|Win32.ActiveCfg = Release|Win32
		{87EE9DA4-DE1E-4448-8324-183C98DCA588}.ReleaseAxp|Win32.Build.0 = Release|Win32
		{87EE9DA4-DE1E-4448-8324-183C98DCA588}.ReleaseWithSymbols|Win32.ActiveCfg = Release|Win32
		{87EE9DA4-DE1E-4448-8324-183C98DCA588}.ReleaseWithSymbols|Win32.Build.0 = Release|Win32
		{9CEB2A39-13F4-499A-995C-2077F44177DF}.Debug Multithreaded|Win32.ActiveCfg = Debug|Win32
		{9CEB2A39-13F4-499A-995C-2077F44177DF}.Debug Multithreaded|Win32.Build.0 = Debug|Win32
		{9CEB2A39-13F4-499A-995C-2077F44177DF}.Debug Singlethreaded|Win32.ActiveCfg = Debug|Win32
		{9CEB2A39-13F4-499A-995C-2077F44177DF}.Debug Singlethreaded|Win32.Build.0 = Debug|Win32
		{9CEB2A39-13F4-499A-995C-2077F44177DF}.Debug_Static|Win32.ActiveCfg = Debug|Win32
		{9CEB2A39-13F4-499A-995C-2077F44177DF}.Debug_Static|Win32.Build.0 = Debug|Win32
		{9CEB2A39-13F4-499A-995C-2077F44177DF}.Debug|Win32.ActiveCfg = Debug|Win32
		{9CEB2A39-13F4-499A-995C-2077F44177DF}.Debug|Win32.Build.0 = Debug|Win32
		{9CEB2A39-13F4-499A-995C-2077F44177DF}.Release Multithreaded|Win32.ActiveCfg = Release|Win32
		{9CEB2A39-13F4-499A-995C-2077F44177DF}.Release Multithreaded|Win32.Build.0 = Release|Win32
		{9CEB2A39-13F4-499A-995C-2077F44177DF}.Release Singlethreaded|Win32.ActiveCfg = Release|Win32
		{9CEB2A39-13F4-499A-995C-2077F44177DF}.Release Singlethreaded|Win32.Build.0 = Release|Win32
		{9CEB2A39-13F4-499A-995C-2077F44177DF}.Release_debug|Win32.ActiveCfg = Debug|Win32
		{9CEB2A39-13F4-499A-995C-2077F44177DF}.Release_debug|Win32.Build.0 = Debug|Win32
		{9CEB2A39-13F4-499A-995C-2077F44177DF}.Release_Static|Win32.ActiveCfg = Release|Win32
		{9CEB2A39-13F4-499A-995C-2077F44177DF}.Release_Static|Win32.Build.0 = Release|Win32
		{9CEB2A39-13F4-499A-995C-2077F44177DF}.Release|Win32.ActiveCfg = Release|Win32
		{9CEB2A39-13F4-499A-995C-2077F44177DF}.Release|Win32.Build.0 = Release|Win32
		{9CEB2A39-13F4-499A-995C-2077F44177DF}.ReleaseAxp|Win32.ActiveCfg = Release|Win32
		{9CEB2A39-13F4-499A-995C-2077F44177DF}.ReleaseAxp|Win32.Build.0 = Release|Win32
		{9CEB2A39-13F4-499A-995C-2077F44177DF}.ReleaseWithSymbols|Win32.ActiveCfg = Release|Win32
		{9CEB2A39-13F4-499A-995C-2077F44177DF}.ReleaseWithSymbols|Win32.Build.0 = Release|Win32
		{FDEF50CB-0F36-4498-8D26-CAFE350A38A3}.Debug Multithreaded|Win32.ActiveCfg = Debug|Win32
		{FDEF50CB-0F36-4498-8D26-CAFE350A38A3}.Debug Multithreaded|Win32.Build.0 = Debug|Win32
		{FDEF50CB-0F36-4498-8D26-CAFE350A38A3}.Debug Singlethreaded|Win32.ActiveCfg = Debug|Win32
		{FDEF50CB-0F36-4498-8D26-CAFE350A38A3}.Debug Singlethreaded|Win32.Build.0 = Debug|Win32
		{FDEF50CB-0F36-4498-8D26-CAFE350A38A3}.Debug_Static|Win32.ActiveCfg = Debug|Win32
		{FDEF50CB-0F36-4498-8D26-CAFE350A38A3}.Debug_Static|Win32.Build.0 = Debug|Win32
		{FDEF50CB-0F36-4498-8D26-CAFE350A38A3}.Debug|Win32.ActiveCfg = Debug|Win32
		{FDEF50CB-0F36-4498-8D26-CAFE350A38A3}.Debug|Win32.Build.0 = Debug|Win32
		{FDEF50CB-0F36-4498-8D26-CAFE350A38A3}.Release Multithreaded|Win32.ActiveCfg = Release|Win32
		{FDEF50CB-0F36-4498-8D26-CAFE350A38A3}.Release Multithreaded|Win32.Build.0 = Release|Win32
		{FDEF50CB-0F36-4498-8D26-CAFE350A38A3}.Release Singlethreaded|Win32.ActiveCfg = Release|Win32
		{FDEF50CB-0F36-4498-8D26-CAFE350A38A3}.Release Singlethreaded|Win32.Build.0 = Release|Win32
		{FDEF50CB-0F36-4498-8D26-CAFE350A38A3}.Release_debug|Win32.ActiveCfg = Release|Win32
		{FDEF50CB-0F36-4498-8D26-CAFE350A38A3}.Release_debug|Win32.Build.0 = Release|Win32
		{FDEF50CB-0F36-4498-8D26-CAFE350A38A3}.Release_Static|Win32.ActiveCfg = Release|Win32
		{FDEF50CB-0F36-4498-8D26-CAFE350A38A3}.Release_Static|Win32.Build.0 = Release|Win32
		{FDEF50CB-0F36-4498-8D26-CAFE350A38A3}.Release|Win32.ActiveCfg = Release|Win32
		{FDEF50CB-0F36-4498-8D26-CAFE350A38A3}.Release|Win32.Build.0 = Release|Win32
		{FDEF50CB-0F36-4498-8D26-CAFE350A38A3}.ReleaseAxp|Win32.ActiveCfg = Release|Win32
		{FDEF50CB-0F36-4498-8D26-CAFE350A38A3}.ReleaseAxp|Win32.Build.0 = Release|Win32
		{FDEF50CB-0F36-4498-8D26-CAFE350A38A3}.ReleaseWithSymbols|Win32.ActiveCfg = Release|Win32
		{FDEF50CB-0F36-4498-8D26-CAFE350A38A3}.ReleaseWithSymbols|Win32.Build.0 = Release|Win32
		{FA76F2BF-9948-CC48-AB37-0D9F56E89231}.Debug Multithreaded|Win32.ActiveCfg = Debug_Static|Win32
		{FA76F2BF-9948-CC48-AB37-0D9F56E89231}.Debug Multithreaded|Win32.Build.0 = Debug_Static|Win32
		{FA76F2BF-9948-CC48-AB37-0D9F56E89231}.Debug Singlethreaded|Win32.ActiveCfg = Debug_Static|Win32
		{FA76F2BF-9948-CC48-AB37-0D9F56E89231}.Debug Singlethreaded|Win32.Build.0 = Debug_Static|Win32
		{FA76F2BF-9948-CC48-AB37-0D9F56E89231}.Debug_Static|Win32.ActiveCfg = Debug_Static|Win32
		{FA76F2BF-9948-CC48-AB37-0D9F56E89231}.Debug_Static|Win32.Build.0 = Debug_Static|Win32
		{FA76F2BF-9948-CC48-AB37-0D9F56E89231}.Debug|Win32.ActiveCfg = Debug|Win32
		{FA76F2BF-9948-CC48-AB37-0D9F56E89231}.Debug|Win32.Build.0 = Debug|Win32
		{FA76F2BF-9948-CC48-AB37-0D9F56E89231}.Release Multithreaded|Win32.ActiveCfg = Release_Static|Win32
		{FA76F2BF-9948-CC48-AB37-0D9F56E89231}.Release Multithreaded|Win32.Build.0 = Release_Static|Win32
		{FA76F2BF-9948-CC48-AB37-0D9F56E89231}.Release Singlethreaded|Win32.ActiveCfg = Release_Static|Win32
		{FA76F2BF-9948-CC48-AB37-0D9F56E89231}.Release Singlethreaded|Win32.Build.0 = Release_Static|Win32
		{FA76F2BF-9948-CC48-AB37-0D9F56E89231}.Release_debug|Win32.ActiveCfg = Release_Static|Win32
		{FA76F2BF-9948-CC48-AB37-0D9F56E89231}.Release_debug|Win32.Build.0 = Release_Static|Win32
		{FA76F2BF-9948-CC48-AB37-0D9F56E89231}.Release_Static|Win32.ActiveCfg = Release_Static|Win32
		{FA76F2BF-9948-CC48-AB37-0D9F56E89231}.Release_Static|Win32.Build.0 = Release_Static|Win32
		{FA76F2BF-9948-CC48-AB37-0D9F56E89231}.Release|Win32.ActiveCfg = Release_Static|Win32
		{FA76F2BF-9948-CC48-AB37-0D9F56E89231}.Release|Win32.Build.0 = Release_Static|Win32
		{FA76F2BF-9948-CC48-AB37-0D9F56E89231}.ReleaseAxp|Win32.ActiveCfg = Release_Static|Win32
		{FA76F2BF-9948-CC48-AB37-0D9F56E89231}.ReleaseAxp|Win32.Build.0 = Release_Static|Win32
		{FA76F2BF-9948-CC48-AB37-0D9F56E89231}.ReleaseWithSymbols|Win32.ActiveCfg = ReleaseWithSymbols|Win32
		{FA76F2BF-9948-CC48-AB37-0D9F56E89231}.ReleaseWithSymbols|Win32.Build.0 = ReleaseWithSymbols|Win32
		{C2E936E7-0714-D34D-89B4-B684C9219A56}.Debug Multithreaded|Win32.ActiveCfg = Debug_Static|Win32
		{C2E936E7-0714-D34D-89B4-B684C9219A56}.Debug Multithreaded|Win32.Build.0 = Debug_Static|Win32
		{C2E936E7-0714-D34D-89B4-B684C9219A56}.Debug Singlethreaded|Win32.ActiveCfg = Debug_Static|Win32
		{C2E936E7-0714-D34D-89B4-B684C9219A56}.Debug Singlethreaded|Win32.Build.0 = Debug_Static|Win32
		{C2E936E7-0714-D34D-89B4-B684C9219A56}.Debug_Static|Win32.ActiveCfg = Debug_Static|Win32
		{C2E936E7-0714-D34D-89B4-B684C9219A56}.Debug_Static|Win32.Build.0 = Debug_Static|Win32
		{C2E936E7-0714-D34D-89B4-B684C9219A56}.Debug|Win32.ActiveCfg = Debug|Win32
		{C2E936E7-0714-D34D-89B4-B684C9219A56}.Debug|Win32.Build.0 = Debug|Win32
		{C2E936E7-0714-D34D-89B4-B684C9219A56}.Release Multithreaded|Win32.ActiveCfg = Release_Static|Win32
		{C2E936E7-0714-D34D-89B4-B684C9219A56}.Release Multithreaded|Win32.Build.0 = Release_Static|Win32
		{C2E936E7-0714-D34D-89B4-B684C9219A56}.Release Singlethreaded|Win32.ActiveCfg = Release_Static|Win32
		{C2E936E7-0714-D34D-89B4-B684C9219A56}.Release Singlethreaded|Win32.Build.0 = Release_Static|Win32
		{C2E936E7-0714-D34D-89B4-B684C9219A56}.Release_debug|Win32.ActiveCfg = Release_Static|Win32
		{C2E936E7-0714-D34D-89B4-B684C9219A56}.Release_debug|Win32.Build.0 = Release_Static|Win32
		{C2E936E7-0714-D34D-89B4-B684C9219A56}.Release_Static|Win32.ActiveCfg = Release_Static|Win32
		{C2E936E7-0714-D34D-89B4-B684C9219A56}.Release_Static|Win32.Build.0 = Release_Static|Win32
		{C2E936E7-0714-D34D-89B4-B684C9219A56}.Release|Win32.ActiveCfg = Release_Static|Win32
		{C2E936E7-0714-D34D-89B4-B684C9219A56}.Release|Win32.Build.0 = Release_Static|Win32
		{C2E936E7-0714-D34D-89B4-B684C9219A56}.ReleaseAxp|Win32.ActiveCfg = Release_Static|Win32
		{C2E936E7-0714-D34D-89B4-B684C9219A56}.ReleaseAxp|Win32.Build.0 = Release_Static|Win32
		{C2E936E7-0714-D34D-89B4-B684C9219A56}.ReleaseWithSymbols|Win32.ActiveCfg = ReleaseWithSymbols|Win32
		{C2E936E7-0714-D34D-89B4-B684C9219A56}.ReleaseWithSymbols|Win32.Build.0 = ReleaseWithSymbols|Win32
		{D3C550FB-2B8D-9045-B5D4-412A08DB819D}.Debug Multithreaded|Win32.ActiveCfg = Debug_Static|Win32
		{D3C550FB-2B8D-9045-B5D4-412A08DB819D}.Debug Multithreaded|Win32.Build.0 = Debug_Static|Win32
		{D3C550FB-2B8D-9045-B5D4-412A08DB819D}.Debug Singlethreaded|Win32.ActiveCfg = Debug_Static|Win32
		{D3C550FB-2B8D-9045-B5D4-412A08DB819D}.Debug Singlethreaded|Win32.Build.0 = Debug_Static|Win32
		{D3C550FB-2B8D-9045-B5D4-412A08DB819D}.Debug_Static|Win32.ActiveCfg = Debug_Static|Win32
		{D3C550FB-2B8D-9045-B5D4-412A08DB819D}.Debug_Static|Win32.Build.0 = Debug_Static|Win32
		{D3C550FB-2B8D-9045-B5D4-412A08DB819D}.Debug|Win32.ActiveCfg = Debug|Win32
		{D3C550FB-2B8D-9045-B5D4-412A08DB819D}.Debug|Win32.Build.0 = Debug|Win32
		{D3C550FB-2B8D-9045-B5D4-412A08DB819D}.Release Multithreaded|Win32.ActiveCfg = Release_Static|Win32
		{D3C550FB-2B8D-9045-B5D4-412A08DB819D}.Release Multithreaded|Win32.Build.0 = Release_Static|Win32
		{D3C550FB-2B8D-9045-B5D4-412A08DB819D}.Release Singlethreaded|Win32.ActiveCfg = Release_Static|Win32
		{D3C550FB-2B8D-9045-B5D4-412A08DB819D}.Release Singlethreaded|Win32.Build.0 = Release_Static|Win32
		{D3C550FB-2B8D-9045-B5D4-412A08DB819D}.Release_debug|Win32.ActiveCfg = Release_Static|Win32
		{D3C550FB-2B8D-9045-B5D4-412A08DB819D}.Release_debug|Win32.Build.0 = Release_Static|Win32
		{D3C550FB-2B8D-9045-B5D4-412A08DB819D}.Release_Static|Win32.ActiveCfg = Release_Static|Win32
		{D3C550FB-2B8D-9045-B5D4-412A08DB819D}.Release_Static|Win32.Build.0 = Release_Static|Win32
		{D3C550FB-2B8D-9045-B5D4-412A08DB819D}.Release|Win32.ActiveCfg = Release_Static|Win32
		{D3C550FB-2B8D-9045-B5D4-412A08DB819D}.Release|Win32.Build.0 = Release_Static|Win32
		{D3C550FB-2B8D-9045-B5D4-412A08DB819D}.ReleaseAxp|Win32.ActiveCfg = Release_Static|Win32
		{D3C550FB-2B8D-9045-B5D4-412A08DB819D}.ReleaseAxp|Win32.Build.0 = Release_Static|Win32
		{D3C550FB-2B8D-9045-B5D4-412A08DB819D}.ReleaseWithSymbols|Win32.ActiveCfg = Release_Static|Win32
		{D3C550FB-2B8D-9045-B5D4-412A08DB819D}.ReleaseWithSymbols|Win32.Build.0 = Release_Static|Win32
		{B48EF6AD-761B-3540-97E0-161F4E3F8812}.Debug Multithreaded|Win32.ActiveCfg = Debug_Static|Win32
		{B48EF6AD-761B-3540-97E0-161F4E3F8812}.Debug Multithreaded|Win32.Build.0 = Debug_Static|Win32
		{B48EF6AD-761B-3540-97E0-161F4E3F8812}.Debug Singlethreaded|Win32.ActiveCfg = Debug_Static|Win32
		{B48EF6AD-761B-3540-97E0-161F4E3F8812}.Debug Singlethreaded|Win32.Build.0 = Debug_Static|Win32
		{B48EF6AD-761B-3540-97E0-161F4E3F8812}.Debug_Static|Win32.ActiveCfg = Debug_Static|Win32
		{B48EF6AD-761B-3540-97E0-161F4E3F8812}.Debug_Static|Win32.Build.0 = Debug_Static|Win32
		{B48EF6AD-761B-3540-97E0-161F4E3F8812}.Debug|Win32.ActiveCfg = Debug|Win32
		{B48EF6AD-761B-3540-97E0-161F4E3F8812}.Debug|Win32.Build.0 = Debug|Win32
		{B48EF6AD-761B-3540-97E0-161F4E3F8812}.Release Multithreaded|Win32.ActiveCfg = Release_Static|Win32
		{B48EF6AD-761B-3540-97E0-161F4E3F8812}.Release Multithreaded|Win32.Build.0 = Release_Static|Win32
		{B48EF6AD-761B-3540-97E0-161F4E3F8812}.Release Singlethreaded|Win32.ActiveCfg = Release_Static|Win32
		{B48EF6AD-761B-3540-97E0-161F4E3F8812}.Release Singlethreaded|Win32.Build.0 = Release_Static|Win32
		{B48EF6AD-761B-3540-97E0-161F4E3F8812}.Release_debug|Win32.ActiveCfg = Release_Static|Win32
		{B48EF6AD-761B-3540-97E0-161F4E3F8812}.Release_debug|Win32.Build.0 = Release_Static|Win32
		{B48EF6AD-761B-3540-97E0-161F4E3F8812}.Release_Static|Win32.ActiveCfg = Release_Static|Win32
		{B48EF6AD-761B-3540-97E0-161F4E3F8812}.Release_Static|Win32.Build.0 = Release_Static|Win32
		{B48EF6AD-761B-3540-97E0-161F4E3F8812}.Release|Win32.ActiveCfg = Release_Static|Win32
		{B48EF6AD-761B-3540-97E0-161F4E3F8812}.Release|Win32.Build.0 = Release_Static|Win32
		{B48EF6AD-761B-3540-97E0-161F4E3F8812}.ReleaseAxp|Win32.ActiveCfg = Release_Static|Win32
		{B48EF6AD-761B-3540-97E0-161F4E3F8812}.ReleaseAxp|Win32.Build.0 = Release_Static|Win32
		{B48EF6AD-761B-3540-97E0-161F4E3F8812}.ReleaseWithSymbols|Win32.ActiveCfg = ReleaseWithSymbols|Win32
		{B48EF6AD-761B-3540-97E0-161F4E3F8812}.ReleaseWithSymbols|Win32.Build.0 = ReleaseWithSymbols|Win32
		{891D490F-4556-A74D-B0AB-38C961707642}.Debug Multithreaded|Win32.ActiveCfg = Debug_Static|Win32
		{891D490F-4556-A74D-B0AB-38C961707642}.Debug Multithreaded|Win32.Build.0 = Debug_Static|Win32
		{891D490F-4556-A74D-B0AB-38C961707642}.Debug Singlethreaded|Win32.ActiveCfg = Debug_Static|Win32
		{891D490F-4556-A74D-B0AB-38C961707642}.Debug Singlethreaded|Win32.Build.0 = Debug_Static|Win32
		{891D490F-4556-A74D-B0AB-38C961707642}.Debug_Static|Win32.ActiveCfg = Debug_Static|Win32
		{891D490F-4556-A74D-B0AB-38C961707642}.Debug_Static|Win32.Build.0 = Debug_Static|Win32
		{891D490F-4556-A74D-B0AB-38C961707642}.Debug|Win32.ActiveCfg = Debug|Win32
		{891D490F-4556-A74D-B0AB-38C961707642}.Debug|Win32.Build.0 = Debug|Win32
		{891D490F-4556-A74D-B0AB-38C961707642}.Release Multithreaded|Win32.ActiveCfg = Release_Static|Win32
		{891D490F-4556-A74D-B0AB-38C961707642}.Release Multithreaded|Win32.Build.0 = Release_Static|Win32
		{891D490F-4556-A74D-B0AB-38C961707642}.Release Singlethreaded|Win32.ActiveCfg = Release_Static|Win32
		{891D490F-4556-A74D-B0AB-38C961707642}.Release Singlethreaded|Win32.Build.0 = Release_Static|Win32
		{891D490F-4556-A74D-B0AB-38C961707642}.Release_debug|Win32.ActiveCfg = Release_Static|Win32
		{891D490F-4556-A74D-B0AB-38C961707642}.Release_debug|Win32.Build.0 = Release_Static|Win32
		{891D490F-4556-A74D-B0AB-38C961707642}.Release_Static|Win32.ActiveCfg = Release_Static|Win32
		{891D490F-4556-A74D-B0AB-38C961707642}.Release_Static|Win32.Build.0 = Release_Static|Win32
		{891D490F-4556-A74D-B0AB-38C961707642}.Release|Win32.ActiveCfg = Release_Static|Win32
		{891D490F-4556-A74D-B0AB-38C961707642}.Release|Win32.Build.0 = Release_Static|Win32
		{891D490F-4556-A74D-B0AB-38C961707642}.ReleaseAxp|Win32.ActiveCfg = Release_Static|Win32
		{891D490F-4556-A74D-B0AB-38C961707642}.ReleaseAxp|Win32.Build.0 = Release_Static|Win32
		{891D490F-4556-A74D-B0AB-38C961707642}.ReleaseWithSymbols|Win32.ActiveCfg = ReleaseWithSymbols|Win32
		{891D490F-4556-A74D-B0AB-38C961707642}.ReleaseWithSymbols|Win32.Build.0 = ReleaseWithSymbols|Win32
		{E1862E86-4FCA-AC4C-8274-8D32B24909F5}.Debug Multithreaded|Win32.ActiveCfg = Debug_Static|Win32
		{E1862E86-4FCA-AC4C-8274-8D32B24909F5}.Debug Multithreaded|Win32.Build.0 = Debug_Static|Win32
		{E1862E86-4FCA-AC4C-8274-8D32B24909F5}.Debug Singlethreaded|Win32.ActiveCfg = Debug_Static|Win32
		{E1862E86-4FCA-AC4C-8274-8D32B24909F5}.Debug Singlethreaded|Win32.Build.0 = Debug_Static|Win32
		{E1862E86-4FCA-AC4C-8274-8D32B24909F5}.Debug_Static|Win32.ActiveCfg = Debug_Static|Win32
		{E1862E86-4FCA-AC4C-8274-8D32B24909F5}.Debug_Static|Win32.Build.0 = Debug_Static|Win32
		{E1862E86-4FCA-AC4C-8274-8D32B24909F5}.Debug|Win32.ActiveCfg = Debug|Win32
		{E1862E86-4FCA-AC4C-8274-8D32B24909F5}.Debug|Win32.Build.0 = Debug|Win32
		{E1862E86-4FCA-AC4C-8274-8D32B24909F5}.Release Multithreaded|Win32.ActiveCfg = Release_Static|Win32
		{E1862E86-4FCA-AC4C-8274-8D32B24909F5}.Release Multithreaded|Win32.Build.0 = Release_Static|Win32
		{E1862E86-4FCA-AC4C-8274-8D32B24909F5}.Release Singlethreaded|Win32.ActiveCfg = Release_Static|Win32
		{E1862E86-4FCA-AC4C-8274-8D32B24909F5}.Release Singlethreaded|Win32.Build.0 = Release_Static|Win32
		{E1862E86-4FCA-AC4C-8274-8D32B24909F5}.Release_debug|Win32.ActiveCfg = Release_Static|Win32
		{E1862E86-4FCA-AC4C-8274-8D32B24909F5}.Release_debug|Win32.Build.0 = Release_Static|Win32
		{E1862E86-4FCA-AC4C-8274-8D32B24909F5}.Release_Static|Win32.ActiveCfg = Release_Static|Win32
		{E1862E86-4FCA-AC4C-8274-8D32B24909F5}.Release_Static|Win32.Build.0 = Release_Static|Win32
		{E1862E86-4FCA-AC4C-8274-8D32B24909F5}.Release|Win32.ActiveCfg = Release_Static|Win32
		{E1862E86-4FCA-AC4C-8274-8D32B24909F5}.Release|Win32.Build.0 = Release_Static|Win32
		{E1862E86-4FCA-AC4C-8274-8D32B24909F5}.ReleaseAxp|Win32.ActiveCfg = Release_Static|Win32
		{E1862E86-4FCA-AC4C-8274-8D32B24909F5}.ReleaseAxp|Win32.Build.0 = Release_Static|Win32
		{E1862E86-4FCA-AC4C-8274-8D32B24909F5}.ReleaseWithSymbols|Win32.ActiveCfg = ReleaseWithSymbols|Win32
		{E1862E86-4FCA-AC4C-8274-8D32B24909F5}.ReleaseWithSymbols|Win32.Build.0 = ReleaseWithSymbols|Win32
		{35203609-97B6-6140-9B7B-FED90F482AEF}.Debug Multithreaded|Win32.ActiveCfg = Debug_Static|Win32
		{35203609-97B6-6140-9B7B-FED90F482AEF}.Debug Multithreaded|Win32.Build.0 = Debug_Static|Win32
		{35203609-97B6-6140-9B7B-FED90F482AEF}.Debug Singlethreaded|Win32.ActiveCfg = Debug_Static|Win32
		{35203609-97B6-6140-9B7B-FED90F482AEF}.Debug Singlethreaded|Win32.Build.0 = Debug_Static|Win32
		{35203609-97B6-6140-9B7B-FED90F482AEF}.Debug_Static|Win32.ActiveCfg = Debug_Static|Win32
		{35203609-97B6-6140-9B7B-FED90F482AEF}.Debug_Static|Win32.Build.0 = Debug_Static|Win32
		{35203609-97B6-6140-9B7B-FED90F482AEF}.Debug|Win32.ActiveCfg = Debug|Win32
		{35203609-97B6-6140-9B7B-FED90F482AEF}.Debug|Win32.Build.0 = Debug|Win32
		{35203609-97B6-6140-9B7B-FED90F482AEF}.Release Multithreaded|Win32.ActiveCfg = Release_Static|Win32
		{35203609-97B6-6140-9B7B-FED90F482AEF}.Release Multithreaded|Win32.Build.0 = Release_Static|Win32
		{35203609-97B6-6140-9B7B-FED90F482AEF}.Release Singlethreaded|Win32.ActiveCfg = Release_Static|Win32
		{35203609-97B6-6140-9B7B-FED90F482AEF}.Release Singlethreaded|Win32.Build.0 = Release_Static|Win32
		{35203609-97B6-6140-9B7B-FED90F482AEF}.Release_debug|Win32.ActiveCfg = Release_Static|Win32
		{35203609-97B6-6140-9B7B-FED90F482AEF}.Release_debug|Win32.Build.0 = Release_Static|Win32
		{35203609-97B6-6140-9B7B-FED90F482AEF}.Release_Static|Win32.ActiveCfg = Release_Static|Win32
		{35203609-97B6-6140-9B7B-FED90F482AEF}.Release_Static|Win32.Build.0 = Release_Static|Win32
		{35203609-97B6-6140-9B7B-FED90F482AEF}.Release|Win32.ActiveCfg = Release_Static|Win32
		{35203609-97B6-6140-9B7B-FED90F482AEF}.Release|Win32.Build.0 = Release_Static|Win32
		{35203609-97B6-6140-9B7B-FED90F482AEF}.ReleaseAxp|Win32.ActiveCfg = Release_Static|Win32
		{35203609-97B6-6140-9B7B-FED90F482AEF}.ReleaseAxp|Win32.Build.0 = Release_Static|Win32
		{35203609-97B6-6140-9B7B-FED90F482AEF}.ReleaseWithSymbols|Win32.ActiveCfg = ReleaseWithSymbols|Win32
		{35203609-97B6-6140-9B7B-FED90F482AEF}.ReleaseWithSymbols|Win32.Build.0 = ReleaseWithSymbols|Win32
		{312167CB-419E-DC46-9BA1-F7F00024D5D8}.Debug Multithreaded|Win32.ActiveCfg = Debug_Static|Win32
		{312167CB-419E-DC46-9BA1-F7F00024D5D8}.Debug Multithreaded|Win32.Build.0 = Debug_Static|Win32
		{312167CB-419E-DC46-9BA1-F7F00024D5D8}.Debug Singlethreaded|Win32.ActiveCfg = Debug_Static|Win32
		{312167CB-419E-DC46-9BA1-F7F00024D5D8}.Debug Singlethreaded|Win32.Build.0 = Debug_Static|Win32
		{312167CB-419E-DC46-9BA1-F7F00024D5D8}.Debug_Static|Win32.ActiveCfg = Debug_Static|Win32
		{312167CB-419E-DC46-9BA1-F7F00024D5D8}.Debug_Static|Win32.Build.0 = Debug_Static|Win32
		{312167CB-419E-DC46-9BA1-F7F00024D5D8}.Debug|Win32.ActiveCfg = Debug|Win32
		{312167CB-419E-DC46-9BA1-F7F00024D5D8}.Debug|Win32.Build.0 = Debug|Win32
		{312167CB-419E-DC46-9BA1-F7F00024D5D8}.Release Multithreaded|Win32.ActiveCfg = Release_Static|Win32
		{312167CB-419E-DC46-9BA1-F7F00024D5D8}.Release Multithreaded|Win32.Build.0 = Release_Static|Win32
		{312167CB-419E-DC46-9BA1-F7F00024D5D8}.Release Singlethreaded|Win32.ActiveCfg = Release_Static|Win32
		{312167CB-419E-DC46-9BA1-F7F00024D5D8}.Release Singlethreaded|Win32.Build.0 = Release_Static|Win32
		{312167CB-419E-DC46-9BA1-F7F00024D5D8}.Release_debug|Win32.ActiveCfg = Release_Static|Win32
		{312167CB-419E-DC46-9BA1-F7F00024D5D8}.Release_debug|Win32.Build.0 = Release_Static|Win32
		{312167CB-419E-DC46-9BA1-F7F00024D5D8}.Release_Static|Win32.ActiveCfg = Release_Static|Win32
		{312167CB-419E-DC46-9BA1-F7F00024D5D8}.Release_Static|Win32.Build.0 = Release_Static|Win32
		{312167CB-419E-DC46-9BA1-F7F00024D5D8}.Release|Win32.ActiveCfg = Release_Static|Win32
		{312167CB-419E-DC46-9BA1-F7F00024D5D8}.Release|Win32.Build.0 = Release_Static|Win32
		{312167CB-419E-DC46-9BA1-F7F00024D5D8}.ReleaseAxp|Win32.ActiveCfg = Release_Static|Win32
		{312167CB-419E-DC46-9BA1-F7F00024D5D8}.ReleaseAxp|Win32.Build.0 = Release_Static|Win32
		{312167CB-419E-DC46-9BA1-F7F00024D5D8}.ReleaseWithSymbols|Win32.ActiveCfg = ReleaseWithSymbols|Win32
		{312167CB-419E-DC46-9BA1-F7F00024D5D8}.ReleaseWithSymbols|Win32.Build.0 = ReleaseWithSymbols|Win32
		{56D179EA-8948-FA4E-A0A3-1267DAB79E7C}.Debug Multithreaded|Win32.ActiveCfg = Debug_Static|Win32
		{56D179EA-8948-FA4E-A0A3-1267DAB79E7C}.Debug Multithreaded|Win32.Build.0 = Debug_Static|Win32
		{56D179EA-8948-FA4E-A0A3-1267DAB79E7C}.Debug Singlethreaded|Win32.ActiveCfg = Debug_Static|Win32
		{56D179EA-8948-FA4E-A0A3-1267DAB79E7C}.Debug Singlethreaded|Win32.Build.0 = Debug_Static|Win32
		{56D179EA-8948-FA4E-A0A3-1267DAB79E7C}.Debug_Static|Win32.ActiveCfg = Debug_Static|Win32
		{56D179EA-8948-FA4E-A0A3-1267DAB79E7C}.Debug_Static|Win32.Build.0 = Debug_Static|Win32
		{56D179EA-8948-FA4E-A0A3-1267DAB79E7C}.Debug|Win32.ActiveCfg = Debug|Win32
		{56D179EA-8948-FA4E-A0A3-1267DAB79E7C}.Debug|Win32.Build.0 = Debug|Win32
		{56D179EA-8948-FA4E-A0A3-1267DAB79E7C}.Release Multithreaded|Win32.ActiveCfg = Release_Static|Win32
		{56D179EA-8948-FA4E-A0A3-1267DAB79E7C}.Release Multithreaded|Win32.Build.0 = Release_Static|Win32
		{56D179EA-8948-FA4E-A0A3-1267DAB79E7C}.Release Singlethreaded|Win32.ActiveCfg = Release_Static|Win32
		{56D179EA-8948-FA4E-A0A3-1267DAB79E7C}.Release Singlethreaded|Win32.Build.0 = Release_Static|Win32
		{56D179EA-8948-FA4E-A0A3-1267DAB79E7C}.Release_debug|Win32.ActiveCfg = Release_Static|Win32
		{56D179EA-8948-FA4E-A0A3-1267DAB79E7C}.Release_debug|Win32.Build.0 = Release_Static|Win32
		{56D179EA-8948-FA4E-A0A3-1267DAB79E7C}.Release_Static|Win32.ActiveCfg = Release_Static|Win32
		{56D179EA-8948-FA4E-A0A3-1267DAB79E7C}.Release_Static|Win32.Build.0 = Release_Static|Win32
		{56D179EA-8948-FA4E-A0A3-1267DAB79E7C}.Release|Win32.ActiveCfg = Release_Static|Win32
		{56D179EA-8948-FA4E-A0A3-1267DAB79E7C}.Release|Win32.Build.0 = Release_Static|Win32
		{56D179EA-8948-FA4E-A0A3-1267DAB79E7C}.ReleaseAxp|Win32.ActiveCfg = Release_Static|Win32
		{56D179EA-8948-FA4E-A0A3-1267DAB79E7C}.ReleaseAxp|Win32.Build.0 = Release_Static|Win32
		{56D179EA-8948-FA4E-A0A3-1267DAB79E7C}.ReleaseWithSymbols|Win32.ActiveCfg = ReleaseWithSymbols|Win32
		{56D179EA-8948-FA4E-A0A3-1267DAB79E7C}.ReleaseWithSymbols|Win32.Build.0 = ReleaseWithSymbols|Win32
		{8523D01E-9CB9-0642-9D4B-D51A269E8104}.Debug Multithreaded|Win32.ActiveCfg = Debug_Static|Win32
		{8523D01E-9CB9-0642-9D4B-D51A269E8104}.Debug Multithreaded|Win32.Build.0 = Debug_Static|Win32
		{8523D01E-9CB9-0642-9D4B-D51A269E8104}.Debug Singlethreaded|Win32.ActiveCfg = Debug_Static|Win32
		{8523D01E-9CB9-0642-9D4B-D51A269E8104}.Debug Singlethreaded|Win32.Build.0 = Debug_Static|Win32
		{8523D01E-9CB9-0642-9D4B-D51A269E8104}.Debug_Static|Win32.ActiveCfg = Debug_Static|Win32
		{8523D01E-9CB9-0642-9D4B-D51A269E8104}.Debug_Static|Win32.Build.0 = Debug_Static|Win32
		{8523D01E-9CB9-0642-9D4B-D51A269E8104}.Debug|Win32.ActiveCfg = Debug|Win32
		{8523D01E-9CB9-0642-9D4B-D51A269E8104}.Debug|Win32.Build.0 = Debug|Win32
		{8523D01E-9CB9-0642-9D4B-D51A269E8104}.Release Multithreaded|Win32.ActiveCfg = Release_Static|Win32
		{8523D01E-9CB9-0642-9D4B-D51A269E8104}.Release Multithreaded|Win32.Build.0 = Release_Static|Win32
		{8523D01E-9CB9-0642-9D4B-D51A269E8104}.Release Singlethreaded|Win32.ActiveCfg = Release_Static|Win32
		{8523D01E-9CB9-0642-9D4B-D51A269E8104}.Release Singlethreaded|Win32.Build.0 = Release_Static|Win32
		{8523D01E-9CB9-0642-9D4B-D51A269E8104}.Release_debug|Win32.ActiveCfg = Release_Static|Win32
		{8523D01E-9CB9-0642-9D4B-D51A269E8104}.Release_debug|Win32.Build.0 = Release_Static|Win32
		{8523D01E-9CB9-0642-9D4B-D51A269E8104}.Release_Static|Win32.ActiveCfg = Release_Static|Win32
		{8523D01E-9CB9-0642-9D4B-D51A269E8104}.Release_Static|Win32.Build.0 = Release_Static|Win32
		{8523D01E-9CB9-0642-9D4B-D51A269E8104}.Release|Win32.ActiveCfg = Release_Static|Win32
		{8523D01E-9CB9-0642-9D4B-D51A269E8104}.Release|Win32.Build.0 = Release_Static|Win32
		{8523D01E-9CB9-0642-9D4B-D51A269E8104}.ReleaseAxp|Win32.ActiveCfg = Release_Static|Win32
		{8523D01E-9CB9-0642-9D4B-D51A269E8104}.ReleaseAxp|Win32.Build.0 = Release_Static|Win32
		{8523D01E-9CB9-0642-9D4B-D51A269E8104}.ReleaseWithSymbols|Win32.ActiveCfg = ReleaseWithSymbols|Win32
		{8523D01E-9CB9-0642-9D4B-D51A269E8104}.ReleaseWithSymbols|Win32.Build.0 = ReleaseWithSymbols|Win32
		{78B079BD-9FC7-4B9E-B4A6-96DA0F00248B}.Debug Multithreaded|Win32.ActiveCfg = Debug Multithreaded|Win32
		{78B079BD-9FC7-4B9E-B4A6-96DA0F00248B}.Debug Multithreaded|Win32.Build.0 = Debug Multithreaded|Win32
		{78B079BD-9FC7-4B9E-B4A6-96DA0F00248B}.Debug Singlethreaded|Win32.ActiveCfg = Debug Singlethreaded|Win32
		{78B079BD-9FC7-4B9E-B4A6-96DA0F00248B}.Debug Singlethreaded|Win32.Build.0 = Debug Singlethreaded|Win32
		{78B079BD-9FC7-4B9E-B4A6-96DA0F00248B}.Debug_Static|Win32.ActiveCfg = Debug Multithreaded|Win32
		{78B079BD-9FC7-4B9E-B4A6-96DA0F00248B}.Debug_Static|Win32.Build.0 = Debug Multithreaded|Win32
		{78B079BD-9FC7-4B9E-B4A6-96DA0F00248B}.Debug|Win32.ActiveCfg = Debug|Win32
		{78B079BD-9FC7-4B9E-B4A6-96DA0F00248B}.Debug|Win32.Build.0 = Debug|Win32
		{78B079BD-9FC7-4B9E-B4A6-96DA0F00248B}.Release Multithreaded|Win32.ActiveCfg = Release Multithreaded|Win32
		{78B079BD-9FC7-4B9E-B4A6-96DA0F00248B}.Release Multithreaded|Win32.Build.0 = Release Multithreaded|Win32
		{78B079BD-9FC7-4B9E-B4A6-96DA0F00248B}.Release Singlethreaded|Win32.ActiveCfg = Release Singlethreaded|Win32
		{78B079BD-9FC7-4B9E-B4A6-96DA0F00248B}.Release Singlethreaded|Win32.Build.0 = Release Singlethreaded|Win32
		{78B079BD-9FC7-4B9E-B4A6-96DA0F00248B}.Release_debug|Win32.ActiveCfg = Release Singlethreaded|Win32
		{78B079BD-9FC7-4B9E-B4A6-96DA0F00248B}.Release_debug|Win32.Build.0 = Release Singlethreaded|Win32
		{78B079BD-9FC7-4B9E-B4A6-96DA0F00248B}.Release_Static|Win32.ActiveCfg = Release Singlethreaded|Win32
		{78B079BD-9FC7-4B9E-B4A6-96DA0F00248B}.Release_Static|Win32.Build.0 = Release Singlethreaded|Win32
		{78B079BD-9FC7-4B9E-B4A6-96DA0F00248B}.Release|Win32.ActiveCfg = Release|Win32
		{78B079BD-9FC7-4B9E-B4A6-96DA0F00248B}.Release|Win32.Build.0 = Release|Win32
		{78B079BD-9FC7-4B9E-B4A6-96DA0F00248B}.ReleaseAxp|Win32.ActiveCfg = Release Singlethreaded|Win32
		{78B079BD-9FC7-4B9E-B4A6-96DA0F00248B}.ReleaseAxp|Win32.Build.0 = Release Singlethreaded|Win32
		{78B079BD-9FC7-4B9E-B4A6-96DA0F00248B}.ReleaseWithSymbols|Win32.ActiveCfg = Release|Win32
		{78B079BD-9FC7-4B9E-B4A6-96DA0F00248B}.ReleaseWithSymbols|Win32.Build.0 = Release|Win32
		{0FE12249-B875-4F60-B266-C5E403533802}.Debug Multithreaded|Win32.ActiveCfg = Debug|Win32
		{0FE12249-B875-4F60-B266-C5E403533802}.Debug Multithreaded|Win32.Build.0 = Debug|Win32
		{0FE12249-B875-4F60-B266-C5E403533802}.Debug Singlethreaded|Win32.ActiveCfg = Debug|Win32
		{0FE12249-B875-4F60-B266-C5E403533802}.Debug Singlethreaded|Win32.Build.0 = Debug|Win32
		{0FE12249-B875-4F60-B266-C5E403533802}.Debug_Static|Win32.ActiveCfg = Debug|Win32
		{0FE12249-B875-4F60-B266-C5E403533802}.Debug_Static|Win32.Build.0 = Debug|Win32
		{0FE12249-B875-4F60-B266-C5E403533802}.Debug|Win32.ActiveCfg = Debug|Win32
		{0FE12249-B875-4F60-B266-C5E403533802}.Debug|Win32.Build.0 = Debug|Win32
		{0FE12249-B875-4F60-B266-C5E403533802}.Release Multithreaded|Win32.ActiveCfg = Release|Win32
		{0FE12249-B875-4F60-B266-C5E403533802}.Release Multithreaded|Win32.Build.0 = Release|Win32
		{0FE12249-B875-4F60-B266-C5E403533802}.Release Singlethreaded|Win32.ActiveCfg = Release|Win32
		{0FE12249-B875-4F60-B266-C5E403533802}.Release Singlethreaded|Win32.Build.0 = Release|Win32
		{0FE12249-B875-4F60-B266-C5E403533802}.Release_debug|Win32.ActiveCfg = Release|Win32
		{0FE12249-B875-4F60-B266-C5E403533802}.Release_debug|Win32.Build.0 = Release|Win32
		{0FE12249-B875-4F60-B266-C5E403533802}.Release_Static|Win32.ActiveCfg = Release|Win32
		{0FE12249-B875-4F60-B266-C5E403533802}.Release_Static|Win32.Build.0 = Release|Win32
		{0FE12249-B875-4F60-B266-C5E403533802}.Release|Win32.ActiveCfg = Release|Win32
		{0FE12249-B875-4F60-B266-C5E403533802}.Release|Win32.Build.0 = Release|Win32
		{0FE12249-B875-4F60-B266-C5E403533802}.ReleaseAxp|Win32.ActiveCfg = Release|Win32
		{0FE12249-B875-4F60-B266-C5E403533802}.ReleaseAxp|Win32.Build.0 = Release|Win32
		{0FE12249-B875-4F60-B266-C5E403533802}.ReleaseWithSymbols|Win32.ActiveCfg = Release|Win32
		{0FE12249-B875-4F60-B266-C5E403533802}.ReleaseWithSymbols|Win32.Build.0 = Release|Win32
		{A7802AE4-E88D-4A41-BA01-885A877686CC}.Debug Multithreaded|Win32.ActiveCfg = Debug|Win32
		{A7802AE4-E88D-4A41-BA01-885A877686CC}.Debug Multithreaded|Win32.Build.0 = Debug|Win32
		{A7802AE4-E88D-4A41-BA01-885A877686CC}.Debug Singlethreaded|Win32.ActiveCfg = Debug|Win32
		{A7802AE4-E88D-4A41-BA01-885A877686CC}.Debug Singlethreaded|Win32.Build.0 = Debug|Win32
		{A7802AE4-E88D-4A41-BA01-885A877686CC}.Debug_Static|Win32.ActiveCfg = Debug|Win32
		{A7802AE4-E88D-4A41-BA01-885A877686CC}.Debug_Static|Win32.Build.0 = Debug|Win32
		{A7802AE4-E88D-4A41-BA01-885A877686CC}.Debug|Win32.ActiveCfg = Debug|Win32
		{A7802AE4-E88D-4A41-BA01-885A877686CC}.Debug|Win32.Build.0 = Debug|Win32
		{A7802AE4-E88D-4A41-BA01-885A877686CC}.Release Multithreaded|Win32.ActiveCfg = ReleaseWithoutAsm|Win32
		{A7802AE4-E88D-4A41-BA01-885A877686CC}.Release Multithreaded|Win32.Build.0 = ReleaseWithoutAsm|Win32
		{A7802AE4-E88D-4A41-BA01-885A877686CC}.Release Singlethreaded|Win32.ActiveCfg = ReleaseWithoutAsm|Win32
		{A7802AE4-E88D-4A41-BA01-885A877686CC}.Release Singlethreaded|Win32.Build.0 = ReleaseWithoutAsm|Win32
		{A7802AE4-E88D-4A41-BA01-885A877686CC}.Release_debug|Win32.ActiveCfg = ReleaseWithoutAsm|Win32
		{A7802AE4-E88D-4A41-BA01-885A877686CC}.Release_debug|Win32.Build.0 = ReleaseWithoutAsm|Win32
		{A7802AE4-E88D-4A41-BA01-885A877686CC}.Release_Static|Win32.ActiveCfg = ReleaseWithoutAsm|Win32
		{A7802AE4-E88D-4A41-BA01-885A877686CC}.Release_Static|Win32.Build.0 = ReleaseWithoutAsm|Win32
		{A7802AE4-E88D-4A41-BA01-885A877686CC}.Release|Win32.ActiveCfg = Release|Win32
		{A7802AE4-E88D-4A41-BA01-885A877686CC}.Release|Win32.Build.0 = Release|Win32
		{A7802AE4-E88D-4A41-BA01-885A877686CC}.ReleaseAxp|Win32.ActiveCfg = ReleaseAxp|Win32
		{A7802AE4-E88D-4A41-BA01-885A877686CC}.ReleaseAxp|Win32.Build.0 = ReleaseAxp|Win32
		{A7802AE4-E88D-4A41-BA01-885A877686CC}.ReleaseWithSymbols|Win32.ActiveCfg = ReleaseWithoutAsm|Win32
		{A7802AE4-E88D-4A41-BA01-885A877686CC}.ReleaseWithSymbols|Win32.Build.0 = ReleaseWithoutAsm|Win32
		{8CEC5F60-CA13-43B5-9F6F-7A548EFA09C4}.Debug Multithreaded|Win32.ActiveCfg = Debug|Win32
		{8CEC5F60-CA13-43B5-9F6F-7A548EFA09C4}.Debug Multithreaded|Win32.Build.0 = Debug|Win32
		{8CEC5F60-CA13-43B5-9F6F-7A548EFA09C4}.Debug Singlethreaded|Win32.ActiveCfg = Debug|Win32
		{8CEC5F60-CA13-43B5-9F6F-7A548EFA09C4}.Debug Singlethreaded|Win32.Build.0 = Debug|Win32
		{8CEC5F60-CA13-43B5-9F6F-7A548EFA09C4}.Debug_Static|Win32.ActiveCfg = Debug|Win32
		{8CEC5F60-CA13-43B5-9F6F-7A548EFA09C4}.Debug_Static|Win32.Build.0 = Debug|Win32
		{8CEC5F60-CA13-43B5-9F6F-7A548EFA09C4}.Debug|Win32.ActiveCfg = Debug|Win32
		{8CEC5F60-CA13-43B5-9F6F-7A548EFA09C4}.Debug|Win32.Build.0 = Debug|Win32
		{8CEC5F60-CA13-43B5-9F6F-7A548EFA09C4}.Release Multithreaded|Win32.ActiveCfg = Release|Win32
		{8CEC5F60-CA13-43B5-9F6F-7A548EFA09C4}.Release Multithreaded|Win32.Build.0 = Release|Win32
		{8CEC5F60-CA13-43B5-9F6F-7A548EFA09C4}.Release Singlethreaded|Win32.ActiveCfg = Release|Win32
		{8CEC5F60-CA13-43B5-9F6F-7A548EFA09C4}.Release Singlethreaded|Win32.Build.0 = Release|Win32
		{8CEC5F60-CA13-43B5-9F6F-7A548EFA09C4}.Release_debug|Win32.ActiveCfg = Release|Win32
		{8CEC5F60-CA13-43B5-9F6F-7A548EFA09C4}.Release_debug|Win32.Build.0 = Release|Win32
		{8CEC5F60-CA13-43B5-9F6F-7A548EFA09C4}.Release_Static|Win32.ActiveCfg = Release|Win32
		{8CEC5F60-CA13-43B5-9F6F-7A548EFA09C4}.Release_Static|Win32.Build.0 = Release|Win32
		{8CEC5F60-CA13-43B5-9F6F-7A548EFA09C4}.Release|Win32.ActiveCfg = Release|Win32
		{8CEC5F60-CA13-43B5-9F6F-7A548EFA09C4}.Release|Win32.Build.0 = Release|Win32
		{8CEC5F60-CA13-43B5-9F6F-7A548EFA09C4}.ReleaseAxp|Win32.ActiveCfg = Release|Win32
		{8CEC5F60-CA13-43B5-9F6F-7A548EFA09C4}.ReleaseAxp|Win32.Build.0 = Release|Win32
		{8CEC5F60-CA13-43B5-9F6F-7A548EFA09C4}.ReleaseWithSymbols|Win32.ActiveCfg = Release|Win32
		{8CEC5F60-CA13-43B5-9F6F-7A548EFA09C4}.ReleaseWithSymbols|Win32.Build.0 = Release|Win32
	EndGlobalSection
	GlobalSection(SolutionProperties) = preSolution
		HideSolutionNode = FALSE
	EndGlobalSection
	GlobalSection(NestedProjects) = preSolution
		{87CD788A-CA2C-41FC-A480-593DF03A8631} = {4DD4B08F-37B0-4A3D-B800-7DF007556D7E}
		{78B079BD-9FC7-4B9E-B4A6-96DA0F00248B} = {4DD4B08F-37B0-4A3D-B800-7DF007556D7E}
		{0FE12249-B875-4F60-B266-C5E403533802} = {4DD4B08F-37B0-4A3D-B800-7DF007556D7E}
		{A7802AE4-E88D-4A41-BA01-885A877686CC} = {4DD4B08F-37B0-4A3D-B800-7DF007556D7E}
		{C2E936E7-0714-D34D-89B4-B684C9219A56} = {87CD788A-CA2C-41FC-A480-593DF03A8631}
		{FA76F2BF-9948-CC48-AB37-0D9F56E89231} = {87CD788A-CA2C-41FC-A480-593DF03A8631}
		{D3C550FB-2B8D-9045-B5D4-412A08DB819D} = {87CD788A-CA2C-41FC-A480-593DF03A8631}
		{B48EF6AD-761B-3540-97E0-161F4E3F8812} = {87CD788A-CA2C-41FC-A480-593DF03A8631}
		{891D490F-4556-A74D-B0AB-38C961707642} = {87CD788A-CA2C-41FC-A480-593DF03A8631}
		{E1862E86-4FCA-AC4C-8274-8D32B24909F5} = {87CD788A-CA2C-41FC-A480-593DF03A8631}
		{35203609-97B6-6140-9B7B-FED90F482AEF} = {87CD788A-CA2C-41FC-A480-593DF03A8631}
		{312167CB-419E-DC46-9BA1-F7F00024D5D8} = {87CD788A-CA2C-41FC-A480-593DF03A8631}
		{56D179EA-8948-FA4E-A0A3-1267DAB79E7C} = {87CD788A-CA2C-41FC-A480-593DF03A8631}
		{8523D01E-9CB9-0642-9D4B-D51A269E8104} = {87CD788A-CA2C-41FC-A480-593DF03A8631}
	EndGlobalSection
EndGlobal
