
Microsoft Visual Studio Solution File, Format Version 9.00
# Visual Studio 2005
Project("{8BC9CEB8-8B4A-11D0-8D11-00A0C91BC942}") = "OblivionOnline", "OblivionOnline.vcproj", "{D4DDA734-7E93-4581-8F82-32BB738F69FE}"
EndProject
Project("{8BC9CEB8-8B4A-11D0-8D11-00A0C91BC942}") = "common", "..\common\common.vcproj", "{20C6411C-596F-4B85-BE4E-8BC91F59D8A6}"
EndProject
Project("{8BC9CEB8-8B4A-11D0-8D11-00A0C91BC942}") = "ServerBrowser", "..\ServerBrowser\ServerBrowser.vcproj", "{21D0FD3A-8E4E-4FAD-AC1A-A8B159AC3EDC}"
EndProject
Project("{54435603-DBB4-11D2-8724-00A0C9A8B90C}") = "Setup", "..\Setup\Setup.vdproj", "{5F7C8062-9DC2-4367-997F-A914B5EA4073}"
EndProject
Project("{8BC9CEB8-8B4A-11D0-8D11-00A0C91BC942}") = "ServerAdminGUI", "..\GUI_Server\ServerAdminGUI.vcproj", "{F59F6EAF-DC42-4D0A-AE74-28F7C21BD136}"
EndProject
Project("{8BC9CEB8-8B4A-11D0-8D11-00A0C91BC942}") = "ConsoleServer", "..\GUI_Server\ConsoleServer.vcproj", "{841E2B49-F188-435B-B326-0848AEE7705C}"
EndProject
Global
	GlobalSection(SolutionConfigurationPlatforms) = preSolution
		Debug|Win32 = Debug|Win32
		Release|Win32 = Release|Win32
	EndGlobalSection
	GlobalSection(ProjectConfigurationPlatforms) = postSolution
		{D4DDA734-7E93-4581-8F82-32BB738F69FE}.Debug|Win32.ActiveCfg = Debug|Win32
		{D4DDA734-7E93-4581-8F82-32BB738F69FE}.Debug|Win32.Build.0 = Debug|Win32
		{D4DDA734-7E93-4581-8F82-32BB738F69FE}.Release|Win32.ActiveCfg = Release|Win32
		{D4DDA734-7E93-4581-8F82-32BB738F69FE}.Release|Win32.Build.0 = Release|Win32
		{20C6411C-596F-4B85-BE4E-8BC91F59D8A6}.Debug|Win32.ActiveCfg = Debug|Win32
		{20C6411C-596F-4B85-BE4E-8BC91F59D8A6}.Debug|Win32.Build.0 = Debug|Win32
		{20C6411C-596F-4B85-BE4E-8BC91F59D8A6}.Release|Win32.ActiveCfg = Release|Win32
		{20C6411C-596F-4B85-BE4E-8BC91F59D8A6}.Release|Win32.Build.0 = Release|Win32
		{21D0FD3A-8E4E-4FAD-AC1A-A8B159AC3EDC}.Debug|Win32.ActiveCfg = Debug|Win32
		{21D0FD3A-8E4E-4FAD-AC1A-A8B159AC3EDC}.Debug|Win32.Build.0 = Debug|Win32
		{21D0FD3A-8E4E-4FAD-AC1A-A8B159AC3EDC}.Release|Win32.ActiveCfg = Release|Win32
		{21D0FD3A-8E4E-4FAD-AC1A-A8B159AC3EDC}.Release|Win32.Build.0 = Release|Win32
		{5F7C8062-9DC2-4367-997F-A914B5EA4073}.Debug|Win32.ActiveCfg = Debug
		{5F7C8062-9DC2-4367-997F-A914B5EA4073}.Release|Win32.ActiveCfg = Release
		{F59F6EAF-DC42-4D0A-AE74-28F7C21BD136}.Debug|Win32.ActiveCfg = Debug|Win32
		{F59F6EAF-DC42-4D0A-AE74-28F7C21BD136}.Debug|Win32.Build.0 = Debug|Win32
		{F59F6EAF-DC42-4D0A-AE74-28F7C21BD136}.Release|Win32.ActiveCfg = Release|Win32
		{F59F6EAF-DC42-4D0A-AE74-28F7C21BD136}.Release|Win32.Build.0 = Release|Win32
		{841E2B49-F188-435B-B326-0848AEE7705C}.Debug|Win32.ActiveCfg = Debug|Win32
		{841E2B49-F188-435B-B326-0848AEE7705C}.Debug|Win32.Build.0 = Debug|Win32
		{841E2B49-F188-435B-B326-0848AEE7705C}.Release|Win32.ActiveCfg = Release|Win32
		{841E2B49-F188-435B-B326-0848AEE7705C}.Release|Win32.Build.0 = Release|Win32
	EndGlobalSection
	GlobalSection(SolutionProperties) = preSolution
		HideSolutionNode = FALSE
	EndGlobalSection
EndGlobal
